
Microsoft Visual Studio Solution File, Format Version 12.00
# Visual Studio Version 17
VisualStudioVersion = 17.1.32210.238
MinimumVisualStudioVersion = 10.0.40219.1
Project("{FAE04EC0-301F-11D3-BF4B-00C04F79EFBC}") = "tpmodul3_1302204066", "tpmodul3_1302204066\tpmodul3_1302204066.csproj", "{421660D3-B5BA-4C4E-821B-3891647FA780}"
EndProject
Global
	GlobalSection(SolutionConfigurationPlatforms) = preSolution
		Debug|Any CPU = Debug|Any CPU
		Release|Any CPU = Release|Any CPU
	EndGlobalSection
	GlobalSection(ProjectConfigurationPlatforms) = postSolution
		{421660D3-B5BA-4C4E-821B-3891647FA780}.Debug|Any CPU.ActiveCfg = Debug|Any CPU
		{421660D3-B5BA-4C4E-821B-3891647FA780}.Debug|Any CPU.Build.0 = Debug|Any CPU
		{421660D3-B5BA-4C4E-821B-3891647FA780}.Release|Any CPU.ActiveCfg = Release|Any CPU
		{421660D3-B5BA-4C4E-821B-3891647FA780}.Release|Any CPU.Build.0 = Release|Any CPU
	EndGlobalSection
	GlobalSection(SolutionProperties) = preSolution
		HideSolutionNode = FALSE
	EndGlobalSection
	GlobalSection(ExtensibilityGlobals) = postSolution
		SolutionGuid = {C8C32FA4-514E-40CA-987B-B55142E0FD88}
	EndGlobalSection
EndGlobal
